
Microsoft Visual Studio Solution File, Format Version 11.00
# Visual Studio 2010
Project("{FAE04EC0-301F-11D3-BF4B-00C04F79EFBC}") = "UnityEngine.TestRunner", "UnityEngine.TestRunner.csproj", "{cccbde86-58e9-6c63-0d16-dce037bdf6ad}"
EndProject
Project("{FAE04EC0-301F-11D3-BF4B-00C04F79EFBC}") = "Unity.Timeline", "Unity.Timeline.csproj", "{cf19554f-e3d7-1a02-6e78-ce036fd99d7f}"
EndProject
Project("{FAE04EC0-301F-11D3-BF4B-00C04F79EFBC}") = "UnityEngine.UI", "UnityEngine.UI.csproj", "{62ef6651-b149-f883-4ce9-414b06c593e4}"
EndProject
Project("{FAE04EC0-301F-11D3-BF4B-00C04F79EFBC}") = "Unity.TextMeshPro", "Unity.TextMeshPro.csproj", "{230dbdc1-e576-b80d-f998-df084aab2e0d}"
EndProject
Project("{FAE04EC0-301F-11D3-BF4B-00C04F79EFBC}") = "Assembly-CSharp", "Assembly-CSharp.csproj", "{b28fb5b2-6244-0c6b-a872-40dd957e5fe0}"
EndProject
Project("{FAE04EC0-301F-11D3-BF4B-00C04F79EFBC}") = "Unity.ProBuilder.Csg", "Unity.ProBuilder.Csg.csproj", "{f3be3026-674e-e205-eb6a-3bc364f4e337}"
EndProject
Project("{FAE04EC0-301F-11D3-BF4B-00C04F79EFBC}") = "Unity.ProBuilder.Poly2Tri", "Unity.ProBuilder.Poly2Tri.csproj", "{34460fe1-b03d-28d8-f53c-92cd6a8a6bdf}"
EndProject
Project("{FAE04EC0-301F-11D3-BF4B-00C04F79EFBC}") = "Unity.ProBuilder", "Unity.ProBuilder.csproj", "{7c15d22f-2fa4-d8f5-6ee6-88a0c7635423}"
EndProject
Project("{FAE04EC0-301F-11D3-BF4B-00C04F79EFBC}") = "Unity.ProBuilder.KdTree", "Unity.ProBuilder.KdTree.csproj", "{cffbe20b-7732-b2ca-e6c2-ebeaae980810}"
EndProject
Project("{FAE04EC0-301F-11D3-BF4B-00C04F79EFBC}") = "Unity.ProBuilder.Stl", "Unity.ProBuilder.Stl.csproj", "{3a92cb94-15c1-eea5-6235-beab9e4f3592}"
EndProject
Project("{FAE04EC0-301F-11D3-BF4B-00C04F79EFBC}") = "Unity.ProGrids", "Unity.ProGrids.csproj", "{174753c7-5ee6-05ec-289d-f198edfa9999}"
EndProject
Project("{FAE04EC0-301F-11D3-BF4B-00C04F79EFBC}") = "Assembly-CSharp-firstpass", "Assembly-CSharp-firstpass.csproj", "{c51a3979-5287-ccb4-f33f-bb9eb1094377}"
EndProject
Project("{FAE04EC0-301F-11D3-BF4B-00C04F79EFBC}") = "UnityEditor.TestRunner", "UnityEditor.TestRunner.csproj", "{0236bd79-9ef4-5ffc-d168-d55e8032f8c9}"
EndProject
Project("{FAE04EC0-301F-11D3-BF4B-00C04F79EFBC}") = "Unity.PlasticSCM.Editor", "Unity.PlasticSCM.Editor.csproj", "{7ac58f46-0b55-b77a-2da2-a2d4c0428819}"
EndProject
Project("{FAE04EC0-301F-11D3-BF4B-00C04F79EFBC}") = "UnityEditor.UI", "UnityEditor.UI.csproj", "{f09ed546-8867-0dc1-25dd-0d8144eb4b31}"
EndProject
Project("{FAE04EC0-301F-11D3-BF4B-00C04F79EFBC}") = "Unity.Timeline.Editor", "Unity.Timeline.Editor.csproj", "{210cded5-2771-6425-597b-b50456ea80a2}"
EndProject
Project("{FAE04EC0-301F-11D3-BF4B-00C04F79EFBC}") = "Unity.VisualStudio.Editor", "Unity.VisualStudio.Editor.csproj", "{2df4b4e3-b466-ff9f-daca-fc7298f5ebfa}"
EndProject
Project("{FAE04EC0-301F-11D3-BF4B-00C04F79EFBC}") = "Unity.TextMeshPro.Editor", "Unity.TextMeshPro.Editor.csproj", "{4e861c9a-a1be-fbee-ca45-cf9c1e24c27e}"
EndProject
Project("{FAE04EC0-301F-11D3-BF4B-00C04F79EFBC}") = "Unity.CollabProxy.Editor", "Unity.CollabProxy.Editor.csproj", "{a095f737-2d7b-edf2-d868-2c8f2c06fa1d}"
EndProject
Project("{FAE04EC0-301F-11D3-BF4B-00C04F79EFBC}") = "Unity.Rider.Editor", "Unity.Rider.Editor.csproj", "{9c4f6a32-f020-78e0-29a3-6605a766ba46}"
EndProject
Project("{FAE04EC0-301F-11D3-BF4B-00C04F79EFBC}") = "Unity.VSCode.Editor", "Unity.VSCode.Editor.csproj", "{f065fe02-6efa-2ffb-dc1e-cb733254dfaf}"
EndProject
Project("{FAE04EC0-301F-11D3-BF4B-00C04F79EFBC}") = "Assembly-CSharp-Editor", "Assembly-CSharp-Editor.csproj", "{da69075a-da25-8da6-ba58-6ed404cb536b}"
EndProject
Project("{FAE04EC0-301F-11D3-BF4B-00C04F79EFBC}") = "Unity.ProBuilder.Editor", "Unity.ProBuilder.Editor.csproj", "{ffa3f2bc-1632-8f27-b237-3ca33b8ea417}"
EndProject
Project("{FAE04EC0-301F-11D3-BF4B-00C04F79EFBC}") = "Unity.ProGrids.Editor", "Unity.ProGrids.Editor.csproj", "{655ec3cf-2f4a-078f-d5bf-c867b888eeef}"
EndProject
Project("{FAE04EC0-301F-11D3-BF4B-00C04F79EFBC}") = "Unity.Settings.Editor", "Unity.Settings.Editor.csproj", "{e154985d-f24a-941c-677e-39b885ac90c5}"
EndProject
Project("{FAE04EC0-301F-11D3-BF4B-00C04F79EFBC}") = "Unity.ProBuilder.AssetIdRemapUtility", "Unity.ProBuilder.AssetIdRemapUtility.csproj", "{7c4d9d4f-e58e-2132-96e8-26c4eef2d24a}"
EndProject
Project("{FAE04EC0-301F-11D3-BF4B-00C04F79EFBC}") = "Unity.ProBuilder.AddOns.Editor", "Unity.ProBuilder.AddOns.Editor.csproj", "{1bfb7295-f8b7-19b8-c63b-eed1d4f5394e}"
EndProject
Project("{FAE04EC0-301F-11D3-BF4B-00C04F79EFBC}") = "Unity.2D.Sprite.Editor", "Unity.2D.Sprite.Editor.csproj", "{2b0295e8-6bfc-de89-f24e-8c8d305353a4}"
EndProject
Project("{FAE04EC0-301F-11D3-BF4B-00C04F79EFBC}") = "Unity.2D.Tilemap.Editor", "Unity.2D.Tilemap.Editor.csproj", "{bfa04d80-7bd1-1d4a-912d-b68881b89e22}"
EndProject
Project("{FAE04EC0-301F-11D3-BF4B-00C04F79EFBC}") = "Assembly-CSharp-Editor-firstpass", "Assembly-CSharp-Editor-firstpass.csproj", "{410259a0-89ec-3694-f11d-51760213f2b6}"
EndProject
Global
	GlobalSection(SolutionConfigurationPlatforms) = preSolution
		Debug|Any CPU = Debug|Any CPU
	EndGlobalSection
	GlobalSection(ProjectConfigurationPlatforms) = postSolution
		{cccbde86-58e9-6c63-0d16-dce037bdf6ad}.Debug|Any CPU.ActiveCfg = Debug|Any CPU
		{cccbde86-58e9-6c63-0d16-dce037bdf6ad}.Debug|Any CPU.Build.0 = Debug|Any CPU
		{cf19554f-e3d7-1a02-6e78-ce036fd99d7f}.Debug|Any CPU.ActiveCfg = Debug|Any CPU
		{cf19554f-e3d7-1a02-6e78-ce036fd99d7f}.Debug|Any CPU.Build.0 = Debug|Any CPU
		{62ef6651-b149-f883-4ce9-414b06c593e4}.Debug|Any CPU.ActiveCfg = Debug|Any CPU
		{62ef6651-b149-f883-4ce9-414b06c593e4}.Debug|Any CPU.Build.0 = Debug|Any CPU
		{230dbdc1-e576-b80d-f998-df084aab2e0d}.Debug|Any CPU.ActiveCfg = Debug|Any CPU
		{230dbdc1-e576-b80d-f998-df084aab2e0d}.Debug|Any CPU.Build.0 = Debug|Any CPU
		{b28fb5b2-6244-0c6b-a872-40dd957e5fe0}.Debug|Any CPU.ActiveCfg = Debug|Any CPU
		{b28fb5b2-6244-0c6b-a872-40dd957e5fe0}.Debug|Any CPU.Build.0 = Debug|Any CPU
		{f3be3026-674e-e205-eb6a-3bc364f4e337}.Debug|Any CPU.ActiveCfg = Debug|Any CPU
		{f3be3026-674e-e205-eb6a-3bc364f4e337}.Debug|Any CPU.Build.0 = Debug|Any CPU
		{34460fe1-b03d-28d8-f53c-92cd6a8a6bdf}.Debug|Any CPU.ActiveCfg = Debug|Any CPU
		{34460fe1-b03d-28d8-f53c-92cd6a8a6bdf}.Debug|Any CPU.Build.0 = Debug|Any CPU
		{7c15d22f-2fa4-d8f5-6ee6-88a0c7635423}.Debug|Any CPU.ActiveCfg = Debug|Any CPU
		{7c15d22f-2fa4-d8f5-6ee6-88a0c7635423}.Debug|Any CPU.Build.0 = Debug|Any CPU
		{cffbe20b-7732-b2ca-e6c2-ebeaae980810}.Debug|Any CPU.ActiveCfg = Debug|Any CPU
		{cffbe20b-7732-b2ca-e6c2-ebeaae980810}.Debug|Any CPU.Build.0 = Debug|Any CPU
		{3a92cb94-15c1-eea5-6235-beab9e4f3592}.Debug|Any CPU.ActiveCfg = Debug|Any CPU
		{3a92cb94-15c1-eea5-6235-beab9e4f3592}.Debug|Any CPU.Build.0 = Debug|Any CPU
		{174753c7-5ee6-05ec-289d-f198edfa9999}.Debug|Any CPU.ActiveCfg = Debug|Any CPU
		{174753c7-5ee6-05ec-289d-f198edfa9999}.Debug|Any CPU.Build.0 = Debug|Any CPU
		{c51a3979-5287-ccb4-f33f-bb9eb1094377}.Debug|Any CPU.ActiveCfg = Debug|Any CPU
		{c51a3979-5287-ccb4-f33f-bb9eb1094377}.Debug|Any CPU.Build.0 = Debug|Any CPU
		{0236bd79-9ef4-5ffc-d168-d55e8032f8c9}.Debug|Any CPU.ActiveCfg = Debug|Any CPU
		{0236bd79-9ef4-5ffc-d168-d55e8032f8c9}.Debug|Any CPU.Build.0 = Debug|Any CPU
		{7ac58f46-0b55-b77a-2da2-a2d4c0428819}.Debug|Any CPU.ActiveCfg = Debug|Any CPU
		{7ac58f46-0b55-b77a-2da2-a2d4c0428819}.Debug|Any CPU.Build.0 = Debug|Any CPU
		{f09ed546-8867-0dc1-25dd-0d8144eb4b31}.Debug|Any CPU.ActiveCfg = Debug|Any CPU
		{f09ed546-8867-0dc1-25dd-0d8144eb4b31}.Debug|Any CPU.Build.0 = Debug|Any CPU
		{210cded5-2771-6425-597b-b50456ea80a2}.Debug|Any CPU.ActiveCfg = Debug|Any CPU
		{210cded5-2771-6425-597b-b50456ea80a2}.Debug|Any CPU.Build.0 = Debug|Any CPU
		{2df4b4e3-b466-ff9f-daca-fc7298f5ebfa}.Debug|Any CPU.ActiveCfg = Debug|Any CPU
		{2df4b4e3-b466-ff9f-daca-fc7298f5ebfa}.Debug|Any CPU.Build.0 = Debug|Any CPU
		{4e861c9a-a1be-fbee-ca45-cf9c1e24c27e}.Debug|Any CPU.ActiveCfg = Debug|Any CPU
		{4e861c9a-a1be-fbee-ca45-cf9c1e24c27e}.Debug|Any CPU.Build.0 = Debug|Any CPU
		{a095f737-2d7b-edf2-d868-2c8f2c06fa1d}.Debug|Any CPU.ActiveCfg = Debug|Any CPU
		{a095f737-2d7b-edf2-d868-2c8f2c06fa1d}.Debug|Any CPU.Build.0 = Debug|Any CPU
		{9c4f6a32-f020-78e0-29a3-6605a766ba46}.Debug|Any CPU.ActiveCfg = Debug|Any CPU
		{9c4f6a32-f020-78e0-29a3-6605a766ba46}.Debug|Any CPU.Build.0 = Debug|Any CPU
		{f065fe02-6efa-2ffb-dc1e-cb733254dfaf}.Debug|Any CPU.ActiveCfg = Debug|Any CPU
		{f065fe02-6efa-2ffb-dc1e-cb733254dfaf}.Debug|Any CPU.Build.0 = Debug|Any CPU
		{da69075a-da25-8da6-ba58-6ed404cb536b}.Debug|Any CPU.ActiveCfg = Debug|Any CPU
		{da69075a-da25-8da6-ba58-6ed404cb536b}.Debug|Any CPU.Build.0 = Debug|Any CPU
		{ffa3f2bc-1632-8f27-b237-3ca33b8ea417}.Debug|Any CPU.ActiveCfg = Debug|Any CPU
		{ffa3f2bc-1632-8f27-b237-3ca33b8ea417}.Debug|Any CPU.Build.0 = Debug|Any CPU
		{655ec3cf-2f4a-078f-d5bf-c867b888eeef}.Debug|Any CPU.ActiveCfg = Debug|Any CPU
		{655ec3cf-2f4a-078f-d5bf-c867b888eeef}.Debug|Any CPU.Build.0 = Debug|Any CPU
		{e154985d-f24a-941c-677e-39b885ac90c5}.Debug|Any CPU.ActiveCfg = Debug|Any CPU
		{e154985d-f24a-941c-677e-39b885ac90c5}.Debug|Any CPU.Build.0 = Debug|Any CPU
		{7c4d9d4f-e58e-2132-96e8-26c4eef2d24a}.Debug|Any CPU.ActiveCfg = Debug|Any CPU
		{7c4d9d4f-e58e-2132-96e8-26c4eef2d24a}.Debug|Any CPU.Build.0 = Debug|Any CPU
		{1bfb7295-f8b7-19b8-c63b-eed1d4f5394e}.Debug|Any CPU.ActiveCfg = Debug|Any CPU
		{1bfb7295-f8b7-19b8-c63b-eed1d4f5394e}.Debug|Any CPU.Build.0 = Debug|Any CPU
		{2b0295e8-6bfc-de89-f24e-8c8d305353a4}.Debug|Any CPU.ActiveCfg = Debug|Any CPU
		{2b0295e8-6bfc-de89-f24e-8c8d305353a4}.Debug|Any CPU.Build.0 = Debug|Any CPU
		{bfa04d80-7bd1-1d4a-912d-b68881b89e22}.Debug|Any CPU.ActiveCfg = Debug|Any CPU
		{bfa04d80-7bd1-1d4a-912d-b68881b89e22}.Debug|Any CPU.Build.0 = Debug|Any CPU
		{410259a0-89ec-3694-f11d-51760213f2b6}.Debug|Any CPU.ActiveCfg = Debug|Any CPU
		{410259a0-89ec-3694-f11d-51760213f2b6}.Debug|Any CPU.Build.0 = Debug|Any CPU
	EndGlobalSection
	GlobalSection(SolutionProperties) = preSolution
		HideSolutionNode = FALSE
	EndGlobalSection
EndGlobal
